// !$*UTF8*$!
{
	archiveVersion = 1;
	classes = {
	};
	objectVersion = 50;
	objects = {

/* Begin PBXBuildFile section */
		4C0999B224E62736000F1217 /* detailVc.swift in Sources */ = {isa = PBXBuildFile; fileRef = 4C0999B124E62736000F1217 /* detailVc.swift */; };
		4C0999B424E69609000F1217 /* WebViewVC.swift in Sources */ = {isa = PBXBuildFile; fileRef = 4C0999B324E69609000F1217 /* WebViewVC.swift */; };
		4C0999B724E697B0000F1217 /* WebKit.framework in Frameworks */ = {isa = PBXBuildFile; fileRef = 4C0999B624E697B0000F1217 /* WebKit.framework */; };
		4C1F2AC124E57D4F00023640 /* AppDelegate.swift in Sources */ = {isa = PBXBuildFile; fileRef = 4C1F2AC024E57D4F00023640 /* AppDelegate.swift */; };
		4C1F2AC324E57D4F00023640 /* SceneDelegate.swift in Sources */ = {isa = PBXBuildFile; fileRef = 4C1F2AC224E57D4F00023640 /* SceneDelegate.swift */; };
		4C1F2AC524E57D4F00023640 /* ViewController.swift in Sources */ = {isa = PBXBuildFile; fileRef = 4C1F2AC424E57D4F00023640 /* ViewController.swift */; };
		4C1F2AC824E57D4F00023640 /* Main.storyboard in Resources */ = {isa = PBXBuildFile; fileRef = 4C1F2AC624E57D4F00023640 /* Main.storyboard */; };
		4C1F2ACB24E57D4F00023640 /* clViewReloadUsingProtoColDelegates.xcdatamodeld in Sources */ = {isa = PBXBuildFile; fileRef = 4C1F2AC924E57D4F00023640 /* clViewReloadUsingProtoColDelegates.xcdatamodeld */; };
		4C1F2ACD24E57D5600023640 /* Assets.xcassets in Resources */ = {isa = PBXBuildFile; fileRef = 4C1F2ACC24E57D5600023640 /* Assets.xcassets */; };
		4C1F2AD024E57D5600023640 /* LaunchScreen.storyboard in Resources */ = {isa = PBXBuildFile; fileRef = 4C1F2ACE24E57D5600023640 /* LaunchScreen.storyboard */; };
		4C1F2AD824E57D7C00023640 /* Services.swift in Sources */ = {isa = PBXBuildFile; fileRef = 4C1F2AD724E57D7C00023640 /* Services.swift */; };
/* End PBXBuildFile section */

/* Begin PBXFileReference section */
		4C0999B124E62736000F1217 /* detailVc.swift */ = {isa = PBXFileReference; lastKnownFileType = sourcecode.swift; path = detailVc.swift; sourceTree = "<group>"; };
		4C0999B324E69609000F1217 /* WebViewVC.swift */ = {isa = PBXFileReference; lastKnownFileType = sourcecode.swift; path = WebViewVC.swift; sourceTree = "<group>"; };
		4C0999B624E697B0000F1217 /* WebKit.framework */ = {isa = PBXFileReference; lastKnownFileType = wrapper.framework; name = WebKit.framework; path = System/Library/Frameworks/WebKit.framework; sourceTree = SDKROOT; };
		4C1F2ABD24E57D4F00023640 /* clViewReloadUsingProtoColDelegates.app */ = {isa = PBXFileReference; explicitFileType = wrapper.application; includeInIndex = 0; path = clViewReloadUsingProtoColDelegates.app; sourceTree = BUILT_PRODUCTS_DIR; };
		4C1F2AC024E57D4F00023640 /* AppDelegate.swift */ = {isa = PBXFileReference; lastKnownFileType = sourcecode.swift; path = AppDelegate.swift; sourceTree = "<group>"; };
		4C1F2AC224E57D4F00023640 /* SceneDelegate.swift */ = {isa = PBXFileReference; lastKnownFileType = sourcecode.swift; path = SceneDelegate.swift; sourceTree = "<group>"; };
		4C1F2AC424E57D4F00023640 /* ViewController.swift */ = {isa = PBXFileReference; lastKnownFileType = sourcecode.swift; path = ViewController.swift; sourceTree = "<group>"; };
		4C1F2AC724E57D4F00023640 /* Base */ = {isa = PBXFileReference; lastKnownFileType = file.storyboard; name = Base; path = Base.lproj/Main.storyboard; sourceTree = "<group>"; };
		4C1F2ACA24E57D4F00023640 /* clViewReloadUsingProtoColDelegates.xcdatamodel */ = {isa = PBXFileReference; lastKnownFileType = wrapper.xcdatamodel; path = clViewReloadUsingProtoColDelegates.xcdatamodel; sourceTree = "<group>"; };
		4C1F2ACC24E57D5600023640 /* Assets.xcassets */ = {isa = PBXFileReference; lastKnownFileType = folder.assetcatalog; path = Assets.xcassets; sourceTree = "<group>"; };
		4C1F2ACF24E57D5600023640 /* Base */ = {isa = PBXFileReference; lastKnownFileType = file.storyboard; name = Base; path = Base.lproj/LaunchScreen.storyboard; sourceTree = "<group>"; };
		4C1F2AD124E57D5600023640 /* Info.plist */ = {isa = PBXFileReference; lastKnownFileType = text.plist.xml; path = Info.plist; sourceTree = "<group>"; };
		4C1F2AD724E57D7C00023640 /* Services.swift */ = {isa = PBXFileReference; lastKnownFileType = sourcecode.swift; path = Services.swift; sourceTree = "<group>"; };
/* End PBXFileReference section */

/* Begin PBXFrameworksBuildPhase section */
		4C1F2ABA24E57D4F00023640 /* Frameworks */ = {
			isa = PBXFrameworksBuildPhase;
			buildActionMask = 2147483647;
			files = (
				4C0999B724E697B0000F1217 /* WebKit.framework in Frameworks */,
			);
			runOnlyForDeploymentPostprocessing = 0;
		};
/* End PBXFrameworksBuildPhase section */

/* Begin PBXGroup section */
		4C0999B524E697AF000F1217 /* Frameworks */ = {
			isa = PBXGroup;
			children = (
				4C0999B624E697B0000F1217 /* WebKit.framework */,
			);
			name = Frameworks;
			sourceTree = "<group>";
		};
		4C1F2AB424E57D4F00023640 = {
			isa = PBXGroup;
			children = (
				4C1F2ABF24E57D4F00023640 /* clViewReloadUsingProtoColDelegates */,
				4C1F2ABE24E57D4F00023640 /* Products */,
				4C0999B524E697AF000F1217 /* Frameworks */,
			);
			sourceTree = "<group>";
		};
		4C1F2ABE24E57D4F00023640 /* Products */ = {
			isa = PBXGroup;
			children = (
				4C1F2ABD24E57D4F00023640 /* clViewReloadUsingProtoColDelegates.app */,
			);
			name = Products;
			sourceTree = "<group>";
		};
		4C1F2ABF24E57D4F00023640 /* clViewReloadUsingProtoColDelegates */ = {
			isa = PBXGroup;
			children = (
				4C1F2AC024E57D4F00023640 /* AppDelegate.swift */,
				4C1F2AC224E57D4F00023640 /* SceneDelegate.swift */,
				4C1F2AD724E57D7C00023640 /* Services.swift */,
				4C1F2AC424E57D4F00023640 /* ViewController.swift */,
				4C0999B124E62736000F1217 /* detailVc.swift */,
				4C0999B324E69609000F1217 /* WebViewVC.swift */,
				4C1F2AC624E57D4F00023640 /* Main.storyboard */,
				4C1F2ACC24E57D5600023640 /* Assets.xcassets */,
				4C1F2ACE24E57D5600023640 /* LaunchScreen.storyboard */,
				4C1F2AD124E57D5600023640 /* Info.plist */,
				4C1F2AC924E57D4F00023640 /* clViewReloadUsingProtoColDelegates.xcdatamodeld */,
			);
			path = clViewReloadUsingProtoColDelegates;
			sourceTree = "<group>";
		};
/* End PBXGroup section */

/* Begin PBXNativeTarget section */
		4C1F2ABC24E57D4F00023640 /* clViewReloadUsingProtoColDelegates */ = {
			isa = PBXNativeTarget;
			buildConfigurationList = 4C1F2AD424E57D5600023640 /* Build configuration list for PBXNativeTarget "clViewReloadUsingProtoColDelegates" */;
			buildPhases = (
				4C1F2AB924E57D4F00023640 /* Sources */,
				4C1F2ABA24E57D4F00023640 /* Frameworks */,
				4C1F2ABB24E57D4F00023640 /* Resources */,
			);
			buildRules = (
			);
			dependencies = (
			);
			name = clViewReloadUsingProtoColDelegates;
			productName = clViewReloadUsingProtoColDelegates;
			productReference = 4C1F2ABD24E57D4F00023640 /* clViewReloadUsingProtoColDelegates.app */;
			productType = "com.apple.product-type.application";
		};
/* End PBXNativeTarget section */

/* Begin PBXProject section */
		4C1F2AB524E57D4F00023640 /* Project object */ = {
			isa = PBXProject;
			attributes = {
				LastSwiftUpdateCheck = 1150;
				LastUpgradeCheck = 1150;
				ORGANIZATIONNAME = Bhargava;
				TargetAttributes = {
					4C1F2ABC24E57D4F00023640 = {
						CreatedOnToolsVersion = 11.5;
					};
				};
			};
			buildConfigurationList = 4C1F2AB824E57D4F00023640 /* Build configuration list for PBXProject "clViewReloadUsingProtoColDelegates" */;
			compatibilityVersion = "Xcode 9.3";
			developmentRegion = en;
			hasScannedForEncodings = 0;
			knownRegions = (
				en,
				Base,
			);
			mainGroup = 4C1F2AB424E57D4F00023640;
			productRefGroup = 4C1F2ABE24E57D4F00023640 /* Products */;
			projectDirPath = "";
			projectRoot = "";
			targets = (
				4C1F2ABC24E57D4F00023640 /* clViewReloadUsingProtoColDelegates */,
			);
		};
/* End PBXProject section */

/* Begin PBXResourcesBuildPhase section */
		4C1F2ABB24E57D4F00023640 /* Resources */ = {
			isa = PBXResourcesBuildPhase;
			buildActionMask = 2147483647;
			files = (
				4C1F2AD024E57D5600023640 /* LaunchScreen.storyboard in Resources */,
				4C1F2ACD24E57D5600023640 /* Assets.xcassets in Resources */,
				4C1F2AC824E57D4F00023640 /* Main.storyboard in Resources */,
			);
			runOnlyForDeploymentPostprocessing = 0;
		};
/* End PBXResourcesBuildPhase section */

/* Begin PBXSourcesBuildPhase section */
		4C1F2AB924E57D4F00023640 /* Sources */ = {
			isa = PBXSourcesBuildPhase;
			buildActionMask = 2147483647;
			files = (
				4C1F2AD824E57D7C00023640 /* Services.swift in Sources */,
				4C1F2AC524E57D4F00023640 /* ViewController.swift in Sources */,
				4C1F2AC124E57D4F00023640 /* AppDelegate.swift in Sources */,
				4C0999B424E69609000F1217 /* WebViewVC.swift in Sources */,
				4C0999B224E62736000F1217 /* detailVc.swift in Sources */,
				4C1F2ACB24E57D4F00023640 /* clViewReloadUsingProtoColDelegates.xcdatamodeld in Sources */,
				4C1F2AC324E57D4F00023640 /* SceneDelegate.swift in Sources */,
			);
			runOnlyForDeploymentPostprocessing = 0;
		};
/* End PBXSourcesBuildPhase section */

/* Begin PBXVariantGroup section */
		4C1F2AC624E57D4F00023640 /* Main.storyboard */ = {
			isa = PBXVariantGroup;
			children = (
				4C1F2AC724E57D4F00023640 /* Base */,
			);
			name = Main.storyboard;
			sourceTree = "<group>";
		};
		4C1F2ACE24E57D5600023640 /* LaunchScreen.storyboard */ = {
			isa = PBXVariantGroup;
			children = (
				4C1F2ACF24E57D5600023640 /* Base */,
			);
			name = LaunchScreen.storyboard;
			sourceTree = "<group>";
		};
/* End PBXVariantGroup section */

/* Begin XCBuildConfiguration section */
		4C1F2AD224E57D5600023640 /* Debug */ = {
			isa = XCBuildConfiguration;
			buildSettings = {
				ALWAYS_SEARCH_USER_PATHS = NO;
				CLANG_ANALYZER_NONNULL = YES;
				CLANG_ANALYZER_NUMBER_OBJECT_CONVERSION = YES_AGGRESSIVE;
				CLANG_CXX_LANGUAGE_STANDARD = "gnu++14";
				CLANG_CXX_LIBRARY = "libc++";
				CLANG_ENABLE_MODULES = YES;
				CLANG_ENABLE_OBJC_ARC = YES;
				CLANG_ENABLE_OBJC_WEAK = YES;
				CLANG_WARN_BLOCK_CAPTURE_AUTORELEASING = YES;
				CLANG_WARN_BOOL_CONVERSION = YES;
				CLANG_WARN_COMMA = YES;
				CLANG_WARN_CONSTANT_CONVERSION = YES;
				CLANG_WARN_DEPRECATED_OBJC_IMPLEMENTATIONS = YES;
				CLANG_WARN_DIRECT_OBJC_ISA_USAGE = YES_ERROR;
				CLANG_WARN_DOCUMENTATION_COMMENTS = YES;
				CLANG_WARN_EMPTY_BODY = YES;
				CLANG_WARN_ENUM_CONVERSION = YES;
				CLANG_WARN_INFINITE_RECURSION = YES;
				CLANG_WARN_INT_CONVERSION = YES;
				CLANG_WARN_NON_LITERAL_NULL_CONVERSION = YES;
				CLANG_WARN_OBJC_IMPLICIT_RETAIN_SELF = YES;
				CLANG_WARN_OBJC_LITERAL_CONVERSION = YES;
				CLANG_WARN_OBJC_ROOT_CLASS = YES_ERROR;
				CLANG_WARN_RANGE_LOOP_ANALYSIS = YES;
				CLANG_WARN_STRICT_PROTOTYPES = YES;
				CLANG_WARN_SUSPICIOUS_MOVE = YES;
				CLANG_WARN_UNGUARDED_AVAILABILITY = YES_AGGRESSIVE;
				CLANG_WARN_UNREACHABLE_CODE = YES;
				CLANG_WARN__DUPLICATE_METHOD_MATCH = YES;
				COPY_PHASE_STRIP = NO;
				DEBUG_INFORMATION_FORMAT = dwarf;
				ENABLE_STRICT_OBJC_MSGSEND = YES;
				ENABLE_TESTABILITY = YES;
				GCC_C_LANGUAGE_STANDARD = gnu11;
				GCC_DYNAMIC_NO_PIC = NO;
				GCC_NO_COMMON_BLOCKS = YES;
				GCC_OPTIMIZATION_LEVEL = 0;
				GCC_PREPROCESSOR_DEFINITIONS = (
					"DEBUG=1",
					"$(inherited)",
				);
				GCC_WARN_64_TO_32_BIT_CONVERSION = YES;
				GCC_WARN_ABOUT_RETURN_TYPE = YES_ERROR;
				GCC_WARN_UNDECLARED_SELECTOR = YES;
				GCC_WARN_UNINITIALIZED_AUTOS = YES_AGGRESSIVE;
				GCC_WARN_UNUSED_FUNCTION = YES;
				GCC_WARN_UNUSED_VARIABLE = YES;
				IPHONEOS_DEPLOYMENT_TARGET = 13.5;
				MTL_ENABLE_DEBUG_INFO = INCLUDE_SOURCE;
				MTL_FAST_MATH = YES;
				ONLY_ACTIVE_ARCH = YES;
				SDKROOT = iphoneos;
				SWIFT_ACTIVE_COMPILATION_CONDITIONS = DEBUG;
				SWIFT_OPTIMIZATION_LEVEL = "-Onone";
			};
			name = Debug;
		};
		4C1F2AD324E57D5600023640 /* Release */ = {
			isa = XCBuildConfiguration;
			buildSettings = {
				ALWAYS_SEARCH_USER_PATHS = NO;
				CLANG_ANALYZER_NONNULL = YES;
				CLANG_ANALYZER_NUMBER_OBJECT_CONVERSION = YES_AGGRESSIVE;
				CLANG_CXX_LANGUAGE_STANDARD = "gnu++14";
				CLANG_CXX_LIBRARY = "libc++";
				CLANG_ENABLE_MODULES = YES;
				CLANG_ENABLE_OBJC_ARC = YES;
				CLANG_ENABLE_OBJC_WEAK = YES;
				CLANG_WARN_BLOCK_CAPTURE_AUTORELEASING = YES;
				CLANG_WARN_BOOL_CONVERSION = YES;
				CLANG_WARN_COMMA = YES;
				CLANG_WARN_CONSTANT_CONVERSION = YES;
				CLANG_WARN_DEPRECATED_OBJC_IMPLEMENTATIONS = YES;
				CLANG_WARN_DIRECT_OBJC_ISA_USAGE = YES_ERROR;
				CLANG_WARN_DOCUMENTATION_COMMENTS = YES;
				CLANG_WARN_EMPTY_BODY = YES;
				CLANG_WARN_ENUM_CONVERSION = YES;
				CLANG_WARN_INFINITE_RECURSION = YES;
				CLANG_WARN_INT_CONVERSION = YES;
				CLANG_WARN_NON_LITERAL_NULL_CONVERSION = YES;
				CLANG_WARN_OBJC_IMPLICIT_RETAIN_SELF = YES;
				CLANG_WARN_OBJC_LITERAL_CONVERSION = YES;
				CLANG_WARN_OBJC_ROOT_CLASS = YES_ERROR;
				CLANG_WARN_RANGE_LOOP_ANALYSIS = YES;
				CLANG_WARN_STRICT_PROTOTYPES = YES;
				CLANG_WARN_SUSPICIOUS_MOVE = YES;
				CLANG_WARN_UNGUARDED_AVAILABILITY = YES_AGGRESSIVE;
				CLANG_WARN_UNREACHABLE_CODE = YES;
				CLANG_WARN__DUPLICATE_METHOD_MATCH = YES;
				COPY_PHASE_STRIP = NO;
				DEBUG_INFORMATION_FORMAT = "dwarf-with-dsym";
				ENABLE_NS_ASSERTIONS = NO;
				ENABLE_STRICT_OBJC_MSGSEND = YES;
				GCC_C_LANGUAGE_STANDARD = gnu11;
				GCC_NO_COMMON_BLOCKS = YES;
				GCC_WARN_64_TO_32_BIT_CONVERSION = YES;
				GCC_WARN_ABOUT_RETURN_TYPE = YES_ERROR;
				GCC_WARN_UNDECLARED_SELECTOR = YES;
				GCC_WARN_UNINITIALIZED_AUTOS = YES_AGGRESSIVE;
				GCC_WARN_UNUSED_FUNCTION = YES;
				GCC_WARN_UNUSED_VARIABLE = YES;
				IPHONEOS_DEPLOYMENT_TARGET = 13.5;
				MTL_ENABLE_DEBUG_INFO = NO;
				MTL_FAST_MATH = YES;
				SDKROOT = iphoneos;
				SWIFT_COMPILATION_MODE = wholemodule;
				SWIFT_OPTIMIZATION_LEVEL = "-O";
				VALIDATE_PRODUCT = YES;
			};
			name = Release;
		};
		4C1F2AD524E57D5600023640 /* Debug */ = {
			isa = XCBuildConfiguration;
			buildSettings = {
				ASSETCATALOG_COMPILER_APPICON_NAME = AppIcon;
				CODE_SIGN_STYLE = Automatic;
				INFOPLIST_FILE = clViewReloadUsingProtoColDelegates/Info.plist;
				LD_RUNPATH_SEARCH_PATHS = (
					"$(inherited)",
					"@executable_path/Frameworks",
				);
				PRODUCT_BUNDLE_IDENTIFIER = com.cbn.clViewReloadUsingProtoColDelegates;
				PRODUCT_NAME = "$(TARGET_NAME)";
				SWIFT_VERSION = 5.0;
				TARGETED_DEVICE_FAMILY = "1,2";
			};
			name = Debug;
		};
		4C1F2AD624E57D5600023640 /* Release */ = {
			isa = XCBuildConfiguration;
			buildSettings = {
				ASSETCATALOG_COMPILER_APPICON_NAME = AppIcon;
				CODE_SIGN_STYLE = Automatic;
				INFOPLIST_FILE = clViewReloadUsingProtoColDelegates/Info.plist;
				LD_RUNPATH_SEARCH_PATHS = (
					"$(inherited)",
					"@executable_path/Frameworks",
				);
				PRODUCT_BUNDLE_IDENTIFIER = com.cbn.clViewReloadUsingProtoColDelegates;
				PRODUCT_NAME = "$(TARGET_NAME)";
				SWIFT_VERSION = 5.0;
				TARGETED_DEVICE_FAMILY = "1,2";
			};
			name = Release;
		};
/* End XCBuildConfiguration section */

/* Begin XCConfigurationList section */
		4C1F2AB824E57D4F00023640 /* Build configuration list for PBXProject "clViewReloadUsingProtoColDelegates" */ = {
			isa = XCConfigurationList;
			buildConfigurations = (
				4C1F2AD224E57D5600023640 /* Debug */,
				4C1F2AD324E57D5600023640 /* Release */,
			);
			defaultConfigurationIsVisible = 0;
			defaultConfigurationName = Release;
		};
		4C1F2AD424E57D5600023640 /* Build configuration list for PBXNativeTarget "clViewReloadUsingProtoColDelegates" */ = {
			isa = XCConfigurationList;
			buildConfigurations = (
				4C1F2AD524E57D5600023640 /* Debug */,
				4C1F2AD624E57D5600023640 /* Release */,
			);
			defaultConfigurationIsVisible = 0;
			defaultConfigurationName = Release;
		};
/* End XCConfigurationList section */

/* Begin XCVersionGroup section */
		4C1F2AC924E57D4F00023640 /* clViewReloadUsingProtoColDelegates.xcdatamodeld */ = {
			isa = XCVersionGroup;
			children = (
				4C1F2ACA24E57D4F00023640 /* clViewReloadUsingProtoColDelegates.xcdatamodel */,
			);
			currentVersion = 4C1F2ACA24E57D4F00023640 /* clViewReloadUsingProtoColDelegates.xcdatamodel */;
			path = clViewReloadUsingProtoColDelegates.xcdatamodeld;
			sourceTree = "<group>";
			versionGroupType = wrapper.xcdatamodel;
		};
/* End XCVersionGroup section */
	};
	rootObject = 4C1F2AB524E57D4F00023640 /* Project object */;
}
